
Microsoft Visual Studio Solution File, Format Version 12.00
# Visual Studio Version 17
VisualStudioVersion = 17.8.34408.163
MinimumVisualStudioVersion = 10.0.40219.1
Project("{FAE04EC0-301F-11D3-BF4B-00C04F79EFBC}") = "ForexCalender", "ForexCalender.csproj", "{933BB988-B918-4BA2-B690-0F2D603E9F3D}"
EndProject
Global
	GlobalSection(SolutionConfigurationPlatforms) = preSolution
		Debug|Any CPU = Debug|Any CPU
		Release|Any CPU = Release|Any CPU
	EndGlobalSection
	GlobalSection(ProjectConfigurationPlatforms) = postSolution
		{933BB988-B918-4BA2-B690-0F2D603E9F3D}.Debug|Any CPU.ActiveCfg = Debug|Any CPU
		{933BB988-B918-4BA2-B690-0F2D603E9F3D}.Debug|Any CPU.Build.0 = Debug|Any CPU
		{933BB988-B918-4BA2-B690-0F2D603E9F3D}.Release|Any CPU.ActiveCfg = Release|Any CPU
		{933BB988-B918-4BA2-B690-0F2D603E9F3D}.Release|Any CPU.Build.0 = Release|Any CPU
	EndGlobalSection
	GlobalSection(SolutionProperties) = preSolution
		HideSolutionNode = FALSE
	EndGlobalSection
	GlobalSection(ExtensibilityGlobals) = postSolution
		SolutionGuid = {726A86CA-21B0-4194-AA37-E8766A91DFD4}
	EndGlobalSection
EndGlobal
